
Microsoft Visual Studio Solution File, Format Version 12.00
# Visual Studio 15
Project("{FAE04EC0-301F-11D3-BF4B-00C04F79EFBC}") = "UnityEngine.TestRunner", "UnityEngine.TestRunner.csproj", "{C3927DAE-5BC5-3DA0-5980-A3CCE6E8712A}"
EndProject
Project("{FAE04EC0-301F-11D3-BF4B-00C04F79EFBC}") = "UnityEngine.UI", "UnityEngine.UI.csproj", "{89909E89-AA3C-0F5C-558E-CE9DA377F8D7}"
EndProject
Project("{FAE04EC0-301F-11D3-BF4B-00C04F79EFBC}") = "Unity.VisualScripting.State", "Unity.VisualScripting.State.csproj", "{11DDD406-56BD-54A1-4EAC-00681E1E49C4}"
EndProject
Project("{FAE04EC0-301F-11D3-BF4B-00C04F79EFBC}") = "Unity.VisualScripting.Core", "Unity.VisualScripting.Core.csproj", "{6C630E06-DE58-2F43-626B-C4EC326A5D39}"
EndProject
Project("{FAE04EC0-301F-11D3-BF4B-00C04F79EFBC}") = "Unity.VisualScripting.Flow", "Unity.VisualScripting.Flow.csproj", "{16F5ADF9-AE6C-9EFF-0E22-84B4D555D350}"
EndProject
Project("{FAE04EC0-301F-11D3-BF4B-00C04F79EFBC}") = "Unity.TextMeshPro", "Unity.TextMeshPro.csproj", "{685CBFE1-48E6-22C0-7CAC-12D524828423}"
EndProject
Project("{FAE04EC0-301F-11D3-BF4B-00C04F79EFBC}") = "Unity.Timeline", "Unity.Timeline.csproj", "{C6BA8961-8AA9-FEB9-7F09-78F15EE29031}"
EndProject
Project("{FAE04EC0-301F-11D3-BF4B-00C04F79EFBC}") = "Assembly-CSharp", "Assembly-CSharp.csproj", "{C479CD18-9E0B-613A-91B4-217D5BE7C90C}"
EndProject
Project("{FAE04EC0-301F-11D3-BF4B-00C04F79EFBC}") = "Unity.PlasticSCM.Editor", "Unity.PlasticSCM.Editor.csproj", "{19AB7294-8AD2-924E-4443-DB116BA719FC}"
EndProject
Project("{FAE04EC0-301F-11D3-BF4B-00C04F79EFBC}") = "Unity.VisualScripting.Core.Editor", "Unity.VisualScripting.Core.Editor.csproj", "{F532EDE1-05C5-CE0A-C642-C5C1DCFCB59D}"
EndProject
Project("{FAE04EC0-301F-11D3-BF4B-00C04F79EFBC}") = "Unity.VisualStudio.Editor", "Unity.VisualStudio.Editor.csproj", "{F202D680-3625-824C-6919-77199B421803}"
EndProject
Project("{FAE04EC0-301F-11D3-BF4B-00C04F79EFBC}") = "Unity.Timeline.Editor", "Unity.Timeline.Editor.csproj", "{8A9B82E7-963C-2FB6-C609-4656E73676BA}"
EndProject
Project("{FAE04EC0-301F-11D3-BF4B-00C04F79EFBC}") = "Unity.VisualScripting.State.Editor", "Unity.VisualScripting.State.Editor.csproj", "{2F1B2B0D-EFC6-36C7-3089-93417A1AB4DF}"
EndProject
Project("{FAE04EC0-301F-11D3-BF4B-00C04F79EFBC}") = "Unity.TextMeshPro.Editor", "Unity.TextMeshPro.Editor.csproj", "{3823153B-AC87-2CB9-9476-68C04E28E76F}"
EndProject
Project("{FAE04EC0-301F-11D3-BF4B-00C04F79EFBC}") = "VSSettingsProvider", "VSSettingsProvider.csproj", "{8CF53EF8-DC4A-CC3B-8F34-159A4EC51DB3}"
EndProject
Project("{FAE04EC0-301F-11D3-BF4B-00C04F79EFBC}") = "Unity.CollabProxy.Editor", "Unity.CollabProxy.Editor.csproj", "{E307FAE5-A11C-638F-258F-FB883A22340E}"
EndProject
Project("{FAE04EC0-301F-11D3-BF4B-00C04F79EFBC}") = "UnityEditor.TestRunner", "UnityEditor.TestRunner.csproj", "{CE247354-5D9D-E257-4CE8-40C98610F5BE}"
EndProject
Project("{FAE04EC0-301F-11D3-BF4B-00C04F79EFBC}") = "Unity.VisualScripting.Flow.Editor", "Unity.VisualScripting.Flow.Editor.csproj", "{1FAA06C5-5BC2-2C25-0F1B-50AC9FA97B75}"
EndProject
Project("{FAE04EC0-301F-11D3-BF4B-00C04F79EFBC}") = "Unity.Rider.Editor", "Unity.Rider.Editor.csproj", "{6BE0ED13-4CAB-F8E1-EFEB-A19FDB090BBE}"
EndProject
Project("{FAE04EC0-301F-11D3-BF4B-00C04F79EFBC}") = "Unity.VSCode.Editor", "Unity.VSCode.Editor.csproj", "{0BCB30F8-92F9-6FDE-A859-061FC6ACAE2B}"
EndProject
Project("{FAE04EC0-301F-11D3-BF4B-00C04F79EFBC}") = "UnityEditor.UI", "UnityEditor.UI.csproj", "{57720706-B581-F3B2-0F31-073CCC6BB432}"
EndProject
Project("{FAE04EC0-301F-11D3-BF4B-00C04F79EFBC}") = "UnityEngine.TestRunner", "UnityEngine.TestRunner.Player.csproj", "{86498CD7-85EB-E3EE-5E1F-32E3130B0183}"
EndProject
Project("{FAE04EC0-301F-11D3-BF4B-00C04F79EFBC}") = "UnityEngine.UI", "UnityEngine.UI.Player.csproj", "{A56D9B8C-DF17-BB7C-7B53-6C3EF9EB559C}"
EndProject
Project("{FAE04EC0-301F-11D3-BF4B-00C04F79EFBC}") = "Unity.VisualScripting.State", "Unity.VisualScripting.State.Player.csproj", "{FD3DB5AC-D926-64BC-31FA-57D127A91830}"
EndProject
Project("{FAE04EC0-301F-11D3-BF4B-00C04F79EFBC}") = "Unity.VisualScripting.Core", "Unity.VisualScripting.Core.Player.csproj", "{24274A1F-5BC5-25B1-CCCD-42F60573E9E5}"
EndProject
Project("{FAE04EC0-301F-11D3-BF4B-00C04F79EFBC}") = "Unity.VisualScripting.Flow", "Unity.VisualScripting.Flow.Player.csproj", "{76E9BEB5-4DE9-B794-F78B-59AF1A0F3525}"
EndProject
Project("{FAE04EC0-301F-11D3-BF4B-00C04F79EFBC}") = "Unity.TextMeshPro", "Unity.TextMeshPro.Player.csproj", "{2FADE158-B030-39ED-CD29-A7A8E668C7C2}"
EndProject
Project("{FAE04EC0-301F-11D3-BF4B-00C04F79EFBC}") = "Unity.Timeline", "Unity.Timeline.Player.csproj", "{B3029937-E7F2-AEFB-6675-8CB83AE1B737}"
EndProject
Project("{FAE04EC0-301F-11D3-BF4B-00C04F79EFBC}") = "Assembly-CSharp", "Assembly-CSharp.Player.csproj", "{E452F501-10F4-ABC3-E920-8D85DDACE384}"
EndProject
Global
	GlobalSection(SolutionConfigurationPlatforms) = preSolution
		Debug|Any CPU = Debug|Any CPU
		Release|Any CPU = Release|Any CPU
	EndGlobalSection
	GlobalSection(ProjectConfigurationPlatforms) = postSolution
		{C3927DAE-5BC5-3DA0-5980-A3CCE6E8712A}.Debug|Any CPU.ActiveCfg = Debug|Any CPU
		{C3927DAE-5BC5-3DA0-5980-A3CCE6E8712A}.Debug|Any CPU.Build.0 = Debug|Any CPU
		{C3927DAE-5BC5-3DA0-5980-A3CCE6E8712A}.Release|Any CPU.ActiveCfg = Release|Any CPU
		{C3927DAE-5BC5-3DA0-5980-A3CCE6E8712A}.Release|Any CPU.Build.0 = Release|Any CPU
		{89909E89-AA3C-0F5C-558E-CE9DA377F8D7}.Debug|Any CPU.ActiveCfg = Debug|Any CPU
		{89909E89-AA3C-0F5C-558E-CE9DA377F8D7}.Debug|Any CPU.Build.0 = Debug|Any CPU
		{89909E89-AA3C-0F5C-558E-CE9DA377F8D7}.Release|Any CPU.ActiveCfg = Release|Any CPU
		{89909E89-AA3C-0F5C-558E-CE9DA377F8D7}.Release|Any CPU.Build.0 = Release|Any CPU
		{11DDD406-56BD-54A1-4EAC-00681E1E49C4}.Debug|Any CPU.ActiveCfg = Debug|Any CPU
		{11DDD406-56BD-54A1-4EAC-00681E1E49C4}.Debug|Any CPU.Build.0 = Debug|Any CPU
		{11DDD406-56BD-54A1-4EAC-00681E1E49C4}.Release|Any CPU.ActiveCfg = Release|Any CPU
		{11DDD406-56BD-54A1-4EAC-00681E1E49C4}.Release|Any CPU.Build.0 = Release|Any CPU
		{6C630E06-DE58-2F43-626B-C4EC326A5D39}.Debug|Any CPU.ActiveCfg = Debug|Any CPU
		{6C630E06-DE58-2F43-626B-C4EC326A5D39}.Debug|Any CPU.Build.0 = Debug|Any CPU
		{6C630E06-DE58-2F43-626B-C4EC326A5D39}.Release|Any CPU.ActiveCfg = Release|Any CPU
		{6C630E06-DE58-2F43-626B-C4EC326A5D39}.Release|Any CPU.Build.0 = Release|Any CPU
		{16F5ADF9-AE6C-9EFF-0E22-84B4D555D350}.Debug|Any CPU.ActiveCfg = Debug|Any CPU
		{16F5ADF9-AE6C-9EFF-0E22-84B4D555D350}.Debug|Any CPU.Build.0 = Debug|Any CPU
		{16F5ADF9-AE6C-9EFF-0E22-84B4D555D350}.Release|Any CPU.ActiveCfg = Release|Any CPU
		{16F5ADF9-AE6C-9EFF-0E22-84B4D555D350}.Release|Any CPU.Build.0 = Release|Any CPU
		{685CBFE1-48E6-22C0-7CAC-12D524828423}.Debug|Any CPU.ActiveCfg = Debug|Any CPU
		{685CBFE1-48E6-22C0-7CAC-12D524828423}.Debug|Any CPU.Build.0 = Debug|Any CPU
		{685CBFE1-48E6-22C0-7CAC-12D524828423}.Release|Any CPU.ActiveCfg = Release|Any CPU
		{685CBFE1-48E6-22C0-7CAC-12D524828423}.Release|Any CPU.Build.0 = Release|Any CPU
		{C6BA8961-8AA9-FEB9-7F09-78F15EE29031}.Debug|Any CPU.ActiveCfg = Debug|Any CPU
		{C6BA8961-8AA9-FEB9-7F09-78F15EE29031}.Debug|Any CPU.Build.0 = Debug|Any CPU
		{C6BA8961-8AA9-FEB9-7F09-78F15EE29031}.Release|Any CPU.ActiveCfg = Release|Any CPU
		{C6BA8961-8AA9-FEB9-7F09-78F15EE29031}.Release|Any CPU.Build.0 = Release|Any CPU
		{C479CD18-9E0B-613A-91B4-217D5BE7C90C}.Debug|Any CPU.ActiveCfg = Debug|Any CPU
		{C479CD18-9E0B-613A-91B4-217D5BE7C90C}.Debug|Any CPU.Build.0 = Debug|Any CPU
		{C479CD18-9E0B-613A-91B4-217D5BE7C90C}.Release|Any CPU.ActiveCfg = Release|Any CPU
		{C479CD18-9E0B-613A-91B4-217D5BE7C90C}.Release|Any CPU.Build.0 = Release|Any CPU
		{19AB7294-8AD2-924E-4443-DB116BA719FC}.Debug|Any CPU.ActiveCfg = Debug|Any CPU
		{19AB7294-8AD2-924E-4443-DB116BA719FC}.Debug|Any CPU.Build.0 = Debug|Any CPU
		{19AB7294-8AD2-924E-4443-DB116BA719FC}.Release|Any CPU.ActiveCfg = Release|Any CPU
		{19AB7294-8AD2-924E-4443-DB116BA719FC}.Release|Any CPU.Build.0 = Release|Any CPU
		{F532EDE1-05C5-CE0A-C642-C5C1DCFCB59D}.Debug|Any CPU.ActiveCfg = Debug|Any CPU
		{F532EDE1-05C5-CE0A-C642-C5C1DCFCB59D}.Debug|Any CPU.Build.0 = Debug|Any CPU
		{F532EDE1-05C5-CE0A-C642-C5C1DCFCB59D}.Release|Any CPU.ActiveCfg = Release|Any CPU
		{F532EDE1-05C5-CE0A-C642-C5C1DCFCB59D}.Release|Any CPU.Build.0 = Release|Any CPU
		{F202D680-3625-824C-6919-77199B421803}.Debug|Any CPU.ActiveCfg = Debug|Any CPU
		{F202D680-3625-824C-6919-77199B421803}.Debug|Any CPU.Build.0 = Debug|Any CPU
		{F202D680-3625-824C-6919-77199B421803}.Release|Any CPU.ActiveCfg = Release|Any CPU
		{F202D680-3625-824C-6919-77199B421803}.Release|Any CPU.Build.0 = Release|Any CPU
		{8A9B82E7-963C-2FB6-C609-4656E73676BA}.Debug|Any CPU.ActiveCfg = Debug|Any CPU
		{8A9B82E7-963C-2FB6-C609-4656E73676BA}.Debug|Any CPU.Build.0 = Debug|Any CPU
		{8A9B82E7-963C-2FB6-C609-4656E73676BA}.Release|Any CPU.ActiveCfg = Release|Any CPU
		{8A9B82E7-963C-2FB6-C609-4656E73676BA}.Release|Any CPU.Build.0 = Release|Any CPU
		{2F1B2B0D-EFC6-36C7-3089-93417A1AB4DF}.Debug|Any CPU.ActiveCfg = Debug|Any CPU
		{2F1B2B0D-EFC6-36C7-3089-93417A1AB4DF}.Debug|Any CPU.Build.0 = Debug|Any CPU
		{2F1B2B0D-EFC6-36C7-3089-93417A1AB4DF}.Release|Any CPU.ActiveCfg = Release|Any CPU
		{2F1B2B0D-EFC6-36C7-3089-93417A1AB4DF}.Release|Any CPU.Build.0 = Release|Any CPU
		{3823153B-AC87-2CB9-9476-68C04E28E76F}.Debug|Any CPU.ActiveCfg = Debug|Any CPU
		{3823153B-AC87-2CB9-9476-68C04E28E76F}.Debug|Any CPU.Build.0 = Debug|Any CPU
		{3823153B-AC87-2CB9-9476-68C04E28E76F}.Release|Any CPU.ActiveCfg = Release|Any CPU
		{3823153B-AC87-2CB9-9476-68C04E28E76F}.Release|Any CPU.Build.0 = Release|Any CPU
		{8CF53EF8-DC4A-CC3B-8F34-159A4EC51DB3}.Debug|Any CPU.ActiveCfg = Debug|Any CPU
		{8CF53EF8-DC4A-CC3B-8F34-159A4EC51DB3}.Debug|Any CPU.Build.0 = Debug|Any CPU
		{8CF53EF8-DC4A-CC3B-8F34-159A4EC51DB3}.Release|Any CPU.ActiveCfg = Release|Any CPU
		{8CF53EF8-DC4A-CC3B-8F34-159A4EC51DB3}.Release|Any CPU.Build.0 = Release|Any CPU
		{E307FAE5-A11C-638F-258F-FB883A22340E}.Debug|Any CPU.ActiveCfg = Debug|Any CPU
		{E307FAE5-A11C-638F-258F-FB883A22340E}.Debug|Any CPU.Build.0 = Debug|Any CPU
		{E307FAE5-A11C-638F-258F-FB883A22340E}.Release|Any CPU.ActiveCfg = Release|Any CPU
		{E307FAE5-A11C-638F-258F-FB883A22340E}.Release|Any CPU.Build.0 = Release|Any CPU
		{CE247354-5D9D-E257-4CE8-40C98610F5BE}.Debug|Any CPU.ActiveCfg = Debug|Any CPU
		{CE247354-5D9D-E257-4CE8-40C98610F5BE}.Debug|Any CPU.Build.0 = Debug|Any CPU
		{CE247354-5D9D-E257-4CE8-40C98610F5BE}.Release|Any CPU.ActiveCfg = Release|Any CPU
		{CE247354-5D9D-E257-4CE8-40C98610F5BE}.Release|Any CPU.Build.0 = Release|Any CPU
		{1FAA06C5-5BC2-2C25-0F1B-50AC9FA97B75}.Debug|Any CPU.ActiveCfg = Debug|Any CPU
		{1FAA06C5-5BC2-2C25-0F1B-50AC9FA97B75}.Debug|Any CPU.Build.0 = Debug|Any CPU
		{1FAA06C5-5BC2-2C25-0F1B-50AC9FA97B75}.Release|Any CPU.ActiveCfg = Release|Any CPU
		{1FAA06C5-5BC2-2C25-0F1B-50AC9FA97B75}.Release|Any CPU.Build.0 = Release|Any CPU
		{6BE0ED13-4CAB-F8E1-EFEB-A19FDB090BBE}.Debug|Any CPU.ActiveCfg = Debug|Any CPU
		{6BE0ED13-4CAB-F8E1-EFEB-A19FDB090BBE}.Debug|Any CPU.Build.0 = Debug|Any CPU
		{6BE0ED13-4CAB-F8E1-EFEB-A19FDB090BBE}.Release|Any CPU.ActiveCfg = Release|Any CPU
		{6BE0ED13-4CAB-F8E1-EFEB-A19FDB090BBE}.Release|Any CPU.Build.0 = Release|Any CPU
		{0BCB30F8-92F9-6FDE-A859-061FC6ACAE2B}.Debug|Any CPU.ActiveCfg = Debug|Any CPU
		{0BCB30F8-92F9-6FDE-A859-061FC6ACAE2B}.Debug|Any CPU.Build.0 = Debug|Any CPU
		{0BCB30F8-92F9-6FDE-A859-061FC6ACAE2B}.Release|Any CPU.ActiveCfg = Release|Any CPU
		{0BCB30F8-92F9-6FDE-A859-061FC6ACAE2B}.Release|Any CPU.Build.0 = Release|Any CPU
		{57720706-B581-F3B2-0F31-073CCC6BB432}.Debug|Any CPU.ActiveCfg = Debug|Any CPU
		{57720706-B581-F3B2-0F31-073CCC6BB432}.Debug|Any CPU.Build.0 = Debug|Any CPU
		{57720706-B581-F3B2-0F31-073CCC6BB432}.Release|Any CPU.ActiveCfg = Release|Any CPU
		{57720706-B581-F3B2-0F31-073CCC6BB432}.Release|Any CPU.Build.0 = Release|Any CPU
		{86498CD7-85EB-E3EE-5E1F-32E3130B0183}.Debug|Any CPU.ActiveCfg = Debug|Any CPU
		{86498CD7-85EB-E3EE-5E1F-32E3130B0183}.Debug|Any CPU.Build.0 = Debug|Any CPU
		{86498CD7-85EB-E3EE-5E1F-32E3130B0183}.Release|Any CPU.ActiveCfg = Release|Any CPU
		{86498CD7-85EB-E3EE-5E1F-32E3130B0183}.Release|Any CPU.Build.0 = Release|Any CPU
		{A56D9B8C-DF17-BB7C-7B53-6C3EF9EB559C}.Debug|Any CPU.ActiveCfg = Debug|Any CPU
		{A56D9B8C-DF17-BB7C-7B53-6C3EF9EB559C}.Debug|Any CPU.Build.0 = Debug|Any CPU
		{A56D9B8C-DF17-BB7C-7B53-6C3EF9EB559C}.Release|Any CPU.ActiveCfg = Release|Any CPU
		{A56D9B8C-DF17-BB7C-7B53-6C3EF9EB559C}.Release|Any CPU.Build.0 = Release|Any CPU
		{FD3DB5AC-D926-64BC-31FA-57D127A91830}.Debug|Any CPU.ActiveCfg = Debug|Any CPU
		{FD3DB5AC-D926-64BC-31FA-57D127A91830}.Debug|Any CPU.Build.0 = Debug|Any CPU
		{FD3DB5AC-D926-64BC-31FA-57D127A91830}.Release|Any CPU.ActiveCfg = Release|Any CPU
		{FD3DB5AC-D926-64BC-31FA-57D127A91830}.Release|Any CPU.Build.0 = Release|Any CPU
		{24274A1F-5BC5-25B1-CCCD-42F60573E9E5}.Debug|Any CPU.ActiveCfg = Debug|Any CPU
		{24274A1F-5BC5-25B1-CCCD-42F60573E9E5}.Debug|Any CPU.Build.0 = Debug|Any CPU
		{24274A1F-5BC5-25B1-CCCD-42F60573E9E5}.Release|Any CPU.ActiveCfg = Release|Any CPU
		{24274A1F-5BC5-25B1-CCCD-42F60573E9E5}.Release|Any CPU.Build.0 = Release|Any CPU
		{76E9BEB5-4DE9-B794-F78B-59AF1A0F3525}.Debug|Any CPU.ActiveCfg = Debug|Any CPU
		{76E9BEB5-4DE9-B794-F78B-59AF1A0F3525}.Debug|Any CPU.Build.0 = Debug|Any CPU
		{76E9BEB5-4DE9-B794-F78B-59AF1A0F3525}.Release|Any CPU.ActiveCfg = Release|Any CPU
		{76E9BEB5-4DE9-B794-F78B-59AF1A0F3525}.Release|Any CPU.Build.0 = Release|Any CPU
		{2FADE158-B030-39ED-CD29-A7A8E668C7C2}.Debug|Any CPU.ActiveCfg = Debug|Any CPU
		{2FADE158-B030-39ED-CD29-A7A8E668C7C2}.Debug|Any CPU.Build.0 = Debug|Any CPU
		{2FADE158-B030-39ED-CD29-A7A8E668C7C2}.Release|Any CPU.ActiveCfg = Release|Any CPU
		{2FADE158-B030-39ED-CD29-A7A8E668C7C2}.Release|Any CPU.Build.0 = Release|Any CPU
		{B3029937-E7F2-AEFB-6675-8CB83AE1B737}.Debug|Any CPU.ActiveCfg = Debug|Any CPU
		{B3029937-E7F2-AEFB-6675-8CB83AE1B737}.Debug|Any CPU.Build.0 = Debug|Any CPU
		{B3029937-E7F2-AEFB-6675-8CB83AE1B737}.Release|Any CPU.ActiveCfg = Release|Any CPU
		{B3029937-E7F2-AEFB-6675-8CB83AE1B737}.Release|Any CPU.Build.0 = Release|Any CPU
		{E452F501-10F4-ABC3-E920-8D85DDACE384}.Debug|Any CPU.ActiveCfg = Debug|Any CPU
		{E452F501-10F4-ABC3-E920-8D85DDACE384}.Debug|Any CPU.Build.0 = Debug|Any CPU
		{E452F501-10F4-ABC3-E920-8D85DDACE384}.Release|Any CPU.ActiveCfg = Release|Any CPU
		{E452F501-10F4-ABC3-E920-8D85DDACE384}.Release|Any CPU.Build.0 = Release|Any CPU
	EndGlobalSection
	GlobalSection(SolutionProperties) = preSolution
		HideSolutionNode = FALSE
	EndGlobalSection
EndGlobal
